{
  "requires": true,
  "lockfileVersion": 1,
  "dependencies": {
    "jw-paginate": {
      "version": "1.0.4",
      "resolved": "https://registry.npmjs.org/jw-paginate/-/jw-paginate-1.0.4.tgz",
      "integrity": "sha512-W0bv782exgCoynUL/egbRpaYwf/r6T6e02H870H5u3hfSgEYrxgz5POwmFF5aApS6iPi6yhZ0VF8IbafNFsntA=="
    },
    "jw-vue-pagination": {
      "version": "1.0.3",
      "resolved": "https://registry.npmjs.org/jw-vue-pagination/-/jw-vue-pagination-1.0.3.tgz",
      "integrity": "sha512-85BV/5maL87mykKH8GBGRsi23p7yVsA4Y8dakCMQNbt/7wOJEqDtOySq5xm1xaudVO4UOp+0lbzUiTrHvXfr+A==",
      "requires": {
        "jw-paginate": "^1.0.4"
      }
    },
    "vue": {
      "version": "2.6.12",
      "resolved": "https://registry.npmjs.org/vue/-/vue-2.6.12.tgz",
      "integrity": "sha512-uhmLFETqPPNyuLLbsKz6ioJ4q7AZHzD8ZVFNATNyICSZouqP2Sz0rotWQC8UNBF6VGSCs5abnKJoStA6JbCbfg=="
    },
    "vue-plain-pagination": {
      "version": "0.3.0",
      "resolved": "https://registry.npmjs.org/vue-plain-pagination/-/vue-plain-pagination-0.3.0.tgz",
      "integrity": "sha512-zyzmRdrnG0qYCy31CqZ+TN+6WQAQSoGjvb/UZqtR69IG/4wAaU2r9UJjOTahnKcYdyuAz3WYcTRQxPFH2R7imQ==",
      "requires": {
        "vue": "^2.5.17"
      }
    },
    "vue-router": {
      "version": "3.4.7",
      "resolved": "https://registry.npmjs.org/vue-router/-/vue-router-3.4.7.tgz",
      "integrity": "sha512-CbHXue5BLrDivOk5O4eZ0WT4Yj8XwdXa4kCnsEIOzYUPF/07ZukayA2jGxDCJxLc9SgVQX9QX0OuGOwGlVB4Qg=="
    },
    "vuejs-paginate": {
      "version": "2.1.0",
      "resolved": "https://registry.npmjs.org/vuejs-paginate/-/vuejs-paginate-2.1.0.tgz",
      "integrity": "sha512-gnwyXlmCiDOu9MLWxN5UJ4PGijKGNOMpHG8ujsrynCzTJljn/rp7Jq0WiDGDAMi5/u0AHuYIHhced+tUW4jblA=="
    },
    "vuex": {
      "version": "3.5.1",
      "resolved": "https://registry.npmjs.org/vuex/-/vuex-3.5.1.tgz",
      "integrity": "sha512-w7oJzmHQs0FM9LXodfskhw9wgKBiaB+totOdb8sNzbTB2KDCEEwEs29NzBZFh/lmEK1t5tDmM1vtsO7ubG1DFw=="
    }
  }
}
