{
  "requires": true,
  "lockfileVersion": 1,
  "dependencies": {
    "@ckeditor/ckeditor5-build-classic": {
      "version": "23.1.0",
      "resolved": "https://registry.npmjs.org/@ckeditor/ckeditor5-build-classic/-/ckeditor5-build-classic-23.1.0.tgz",
      "integrity": "sha512-wqJZ6yuqm48NoiciRcfs+t73YOfIKovJIiLSHf0yB2I3Mc+bL6iNhwwyJ3b6D/22IgYEXTpc6PiwsYFbGFnq2Q=="
    },
    "@ckeditor/ckeditor5-build-decoupled-document": {
      "version": "23.1.0",
      "resolved": "https://registry.npmjs.org/@ckeditor/ckeditor5-build-decoupled-document/-/ckeditor5-build-decoupled-document-23.1.0.tgz",
      "integrity": "sha512-dn8/Cw3wf75ZybMLfmPy1ZtitObi6YTHPeavkyu0TVDbJhefpBL+gKWRrTptpvNk3Txw40zWU5MYq0225FpPkA=="
    },
    "@ckeditor/ckeditor5-clipboard": {
      "version": "23.1.0",
      "resolved": "https://registry.npmjs.org/@ckeditor/ckeditor5-clipboard/-/ckeditor5-clipboard-23.1.0.tgz",
      "integrity": "sha512-QpxmOgZOw52dfcNp7kOhH2O4hr1nLb7ka+jCSSzASoBKZ9sR4r/pdi7ApFcrW5Ft5p8kFtWhXJGTUkbyfRrYyA==",
      "requires": {
        "@ckeditor/ckeditor5-core": "^23.1.0",
        "@ckeditor/ckeditor5-engine": "^23.1.0",
        "@ckeditor/ckeditor5-utils": "^23.1.0"
      }
    },
    "@ckeditor/ckeditor5-core": {
      "version": "23.1.0",
      "resolved": "https://registry.npmjs.org/@ckeditor/ckeditor5-core/-/ckeditor5-core-23.1.0.tgz",
      "integrity": "sha512-Y+ttPMKbsfdN+V5/lV5vG3cI6Y0pNs8+TygOojw8ZMQqJY5WrVsFQcoz2DzdTKKOn5VJqjE+mHcGjCyk37FeOw==",
      "requires": {
        "@ckeditor/ckeditor5-engine": "^23.1.0",
        "@ckeditor/ckeditor5-utils": "^23.1.0",
        "lodash-es": "^4.17.15"
      }
    },
    "@ckeditor/ckeditor5-engine": {
      "version": "23.1.0",
      "resolved": "https://registry.npmjs.org/@ckeditor/ckeditor5-engine/-/ckeditor5-engine-23.1.0.tgz",
      "integrity": "sha512-HOIkiatjq/ByqHVvkaISA0l6Vab8w6gzD1QnjMv3ldgiLMD0jUAHhUZldfpYQ0s2bG+d1l/6w7C76gT8fY4/Jw==",
      "requires": {
        "@ckeditor/ckeditor5-utils": "^23.1.0",
        "lodash-es": "^4.17.15"
      }
    },
    "@ckeditor/ckeditor5-enter": {
      "version": "23.1.0",
      "resolved": "https://registry.npmjs.org/@ckeditor/ckeditor5-enter/-/ckeditor5-enter-23.1.0.tgz",
      "integrity": "sha512-LM4dA/2MKAQwl9C19x2GhC5e+V1C16yZZxwe9OwushjYhn797WpGeQdbCgaglYqbkPsYZg2R1gEgIAzU5J2HpQ==",
      "requires": {
        "@ckeditor/ckeditor5-core": "^23.1.0",
        "@ckeditor/ckeditor5-engine": "^23.1.0",
        "@ckeditor/ckeditor5-utils": "^23.1.0"
      }
    },
    "@ckeditor/ckeditor5-essentials": {
      "version": "23.1.0",
      "resolved": "https://registry.npmjs.org/@ckeditor/ckeditor5-essentials/-/ckeditor5-essentials-23.1.0.tgz",
      "integrity": "sha512-TmgfHjeZMgU9bi5GM1pQrO+p+ZESUAvdV0nJBk7nS9P+CHV3G3ReOdSpQbHvxsYpJr2/GwgQRJRmK7m3cQHO7w==",
      "requires": {
        "@ckeditor/ckeditor5-clipboard": "^23.1.0",
        "@ckeditor/ckeditor5-core": "^23.1.0",
        "@ckeditor/ckeditor5-enter": "^23.1.0",
        "@ckeditor/ckeditor5-select-all": "^23.1.0",
        "@ckeditor/ckeditor5-typing": "^23.1.0",
        "@ckeditor/ckeditor5-undo": "^23.1.0"
      }
    },
    "@ckeditor/ckeditor5-select-all": {
      "version": "23.1.0",
      "resolved": "https://registry.npmjs.org/@ckeditor/ckeditor5-select-all/-/ckeditor5-select-all-23.1.0.tgz",
      "integrity": "sha512-2YeTrF01r+Qtl/iGFMaUnjo36WNUQ29PiFP3HRO02oI4fOgWOSi87GBcTav+FyolD/tXwzc/KLch9Cgn6J8WWw==",
      "requires": {
        "@ckeditor/ckeditor5-core": "^23.1.0",
        "@ckeditor/ckeditor5-ui": "^23.1.0",
        "@ckeditor/ckeditor5-utils": "^23.1.0"
      }
    },
    "@ckeditor/ckeditor5-typing": {
      "version": "23.1.0",
      "resolved": "https://registry.npmjs.org/@ckeditor/ckeditor5-typing/-/ckeditor5-typing-23.1.0.tgz",
      "integrity": "sha512-LmM+XgOx+zjPgs0XjbNLQlgvB5hkoFGF/Z4OFpgWoP0/8iTwGJdg/L38dE6tN5nElmRj2+3RJ/cLe4XLzvHpAQ==",
      "requires": {
        "@ckeditor/ckeditor5-core": "^23.1.0",
        "@ckeditor/ckeditor5-engine": "^23.1.0",
        "@ckeditor/ckeditor5-utils": "^23.1.0",
        "lodash-es": "^4.17.15"
      }
    },
    "@ckeditor/ckeditor5-ui": {
      "version": "23.1.0",
      "resolved": "https://registry.npmjs.org/@ckeditor/ckeditor5-ui/-/ckeditor5-ui-23.1.0.tgz",
      "integrity": "sha512-Rw1mnp4D5SwuCHTnDhTnKzXgQbUzZHpXlce6Zf72Iw6ZfwDn2SlanIp8OKM8hYUAkoHHKLDx2QfXgHEiShC7CA==",
      "requires": {
        "@ckeditor/ckeditor5-core": "^23.1.0",
        "@ckeditor/ckeditor5-utils": "^23.1.0",
        "lodash-es": "^4.17.15"
      }
    },
    "@ckeditor/ckeditor5-undo": {
      "version": "23.1.0",
      "resolved": "https://registry.npmjs.org/@ckeditor/ckeditor5-undo/-/ckeditor5-undo-23.1.0.tgz",
      "integrity": "sha512-XludwOzl47Aje/K+u1RKsOWsccA2B2xSe2ujK6b1gWiLGfJuJXi0mqNQ2j004TyLgOLejrKZ09TffYiIADjt7w==",
      "requires": {
        "@ckeditor/ckeditor5-core": "^23.1.0",
        "@ckeditor/ckeditor5-engine": "^23.1.0",
        "@ckeditor/ckeditor5-ui": "^23.1.0"
      }
    },
    "@ckeditor/ckeditor5-utils": {
      "version": "23.1.0",
      "resolved": "https://registry.npmjs.org/@ckeditor/ckeditor5-utils/-/ckeditor5-utils-23.1.0.tgz",
      "integrity": "sha512-hbAIQQrUFZZGGsEG07Em2iH216Y7NWIhY60HqOT94wwnn/F5ZE3zRWU+KsAR1Cn2U0uOEBkYP9qIFlGRzPo7Vg==",
      "requires": {
        "lodash-es": "^4.17.15"
      }
    },
    "@ckeditor/ckeditor5-vue": {
      "version": "1.0.3",
      "resolved": "https://registry.npmjs.org/@ckeditor/ckeditor5-vue/-/ckeditor5-vue-1.0.3.tgz",
      "integrity": "sha512-8pYcWkOSUTZ4KD6nT2JbD4rQycvhCaoOAJeOiaSrjWb3X/xRWoDEOOJzXC6VRk9AeNE1UYY9wKBAsq3VoR5V9w=="
    },
    "axios": {
      "version": "0.21.1",
      "resolved": "https://registry.npmjs.org/axios/-/axios-0.21.1.tgz",
      "integrity": "sha512-dKQiRHxGD9PPRIUNIWvZhPTPpl1rf/OxTYKsqKUDjBwYylTvV7SjSHJb9ratfyzM6wCdLCOYLzs73qpg5c4iGA==",
      "requires": {
        "follow-redirects": "^1.10.0"
      }
    },
    "blueimp-canvas-to-blob": {
      "version": "3.28.0",
      "resolved": "https://registry.npmjs.org/blueimp-canvas-to-blob/-/blueimp-canvas-to-blob-3.28.0.tgz",
      "integrity": "sha512-5q+YHzgGsuHQ01iouGgJaPJXod2AzTxJXmVv90PpGrRxU7G7IqgPqWXz+PBmt3520jKKi6irWbNV87DicEa7wg=="
    },
    "follow-redirects": {
      "version": "1.13.1",
      "resolved": "https://registry.npmjs.org/follow-redirects/-/follow-redirects-1.13.1.tgz",
      "integrity": "sha512-SSG5xmZh1mkPGyKzjZP8zLjltIfpW32Y5QpdNJyjcfGxK3qo3NDDkZOZSFiGn1A6SclQxY9GzEwAHQ3dmYRWpg=="
    },
    "lodash-es": {
      "version": "4.17.15",
      "resolved": "https://registry.npmjs.org/lodash-es/-/lodash-es-4.17.15.tgz",
      "integrity": "sha512-rlrc3yU3+JNOpZ9zj5pQtxnx2THmvRykwL4Xlxoa8I9lHBlVbbyPhgyPMioxVZ4NqyxaVVtaJnzsyOidQIhyyQ=="
    },
    "marked": {
      "version": "1.2.5",
      "resolved": "https://registry.npmjs.org/marked/-/marked-1.2.5.tgz",
      "integrity": "sha512-2AlqgYnVPOc9WDyWu7S5DJaEZsfk6dNh/neatQ3IHUW4QLutM/VPSH9lG7bif+XjFWc9K9XR3QvR+fXuECmfdA=="
    },
    "vue": {
      "version": "2.6.12",
      "resolved": "https://registry.npmjs.org/vue/-/vue-2.6.12.tgz",
      "integrity": "sha512-uhmLFETqPPNyuLLbsKz6ioJ4q7AZHzD8ZVFNATNyICSZouqP2Sz0rotWQC8UNBF6VGSCs5abnKJoStA6JbCbfg=="
    },
    "vue-image-upload-resize": {
      "version": "2.3.0",
      "resolved": "https://registry.npmjs.org/vue-image-upload-resize/-/vue-image-upload-resize-2.3.0.tgz",
      "integrity": "sha512-ElzyAVCluiDt8xSZkSK9FbuLY5mr23JlO4cHyyRo86RfEGLWtvXrTq7vYOgDstT8rNBmnTgNCkPKc0rpmyl1yA==",
      "requires": {
        "blueimp-canvas-to-blob": "^3.14.0",
        "vue": "^2.5.17"
      }
    },
    "vue-upload-image": {
      "version": "1.1.5",
      "resolved": "https://registry.npmjs.org/vue-upload-image/-/vue-upload-image-1.1.5.tgz",
      "integrity": "sha512-UQ46eEhArgbeMIQShBUAvHyABXiuGWvFDepaeZ2e8gQDGhBICnlMdH7i/wSrR1JtecMzoz6PJyQCQQhRm1qbCg=="
    }
  }
}
